// !$*UTF8*$!
{
	archiveVersion = 1;
	classes = {
	};
	objectVersion = 46;
	objects = {

/* Begin PBXBuildFile section */
		4A4CF9711BFDF32000FF56E3 /* main.swift in Sources */ = {isa = PBXBuildFile; fileRef = 4A4CF9701BFDF32000FF56E3 /* main.swift */; };
		4ACD5CA41BFDF5B700350838 /* Input and Random.swift in Sources */ = {isa = PBXBuildFile; fileRef = 4ACD5CA31BFDF5B700350838 /* Input and Random.swift */; };
		4AFF02D51BFEE92400B96349 /* GameBoard.swift in Sources */ = {isa = PBXBuildFile; fileRef = 4AFF02D41BFEE92400B96349 /* GameBoard.swift */; };
		4AFF02D71BFF1D6B00B96349 /* Setup Ships.swift in Sources */ = {isa = PBXBuildFile; fileRef = 4AFF02D61BFF1D6B00B96349 /* Setup Ships.swift */; };
/* End PBXBuildFile section */

/* Begin PBXCopyFilesBuildPhase section */
		4A4CF96B1BFDF32000FF56E3 /* CopyFiles */ = {
			isa = PBXCopyFilesBuildPhase;
			buildActionMask = 2147483647;
			dstPath = /usr/share/man/man1/;
			dstSubfolderSpec = 0;
			files = (
			);
			runOnlyForDeploymentPostprocessing = 1;
		};
/* End PBXCopyFilesBuildPhase section */

/* Begin PBXFileReference section */
		4A4CF96D1BFDF32000FF56E3 /* The Ship Game In Swift */ = {isa = PBXFileReference; explicitFileType = "compiled.mach-o.executable"; includeInIndex = 0; path = "The Ship Game In Swift"; sourceTree = BUILT_PRODUCTS_DIR; };
		4A4CF9701BFDF32000FF56E3 /* main.swift */ = {isa = PBXFileReference; lastKnownFileType = sourcecode.swift; path = main.swift; sourceTree = "<group>"; };
		4ACD5CA31BFDF5B700350838 /* Input and Random.swift */ = {isa = PBXFileReference; fileEncoding = 4; lastKnownFileType = sourcecode.swift; path = "Input and Random.swift"; sourceTree = "<group>"; };
		4AFF02D41BFEE92400B96349 /* GameBoard.swift */ = {isa = PBXFileReference; fileEncoding = 4; lastKnownFileType = sourcecode.swift; path = GameBoard.swift; sourceTree = "<group>"; };
		4AFF02D61BFF1D6B00B96349 /* Setup Ships.swift */ = {isa = PBXFileReference; fileEncoding = 4; lastKnownFileType = sourcecode.swift; path = "Setup Ships.swift"; sourceTree = "<group>"; };
/* End PBXFileReference section */

/* Begin PBXFrameworksBuildPhase section */
		4A4CF96A1BFDF32000FF56E3 /* Frameworks */ = {
			isa = PBXFrameworksBuildPhase;
			buildActionMask = 2147483647;
			files = (
			);
			runOnlyForDeploymentPostprocessing = 0;
		};
/* End PBXFrameworksBuildPhase section */

/* Begin PBXGroup section */
		4A4CF9641BFDF32000FF56E3 = {
			isa = PBXGroup;
			children = (
				4A4CF96F1BFDF32000FF56E3 /* The Ship Game In Swift */,
				4A4CF96E1BFDF32000FF56E3 /* Products */,
			);
			sourceTree = "<group>";
		};
		4A4CF96E1BFDF32000FF56E3 /* Products */ = {
			isa = PBXGroup;
			children = (
				4A4CF96D1BFDF32000FF56E3 /* The Ship Game In Swift */,
			);
			name = Products;
			sourceTree = "<group>";
		};
		4A4CF96F1BFDF32000FF56E3 /* The Ship Game In Swift */ = {
			isa = PBXGroup;
			children = (
				4A4CF9701BFDF32000FF56E3 /* main.swift */,
				4AFF02D41BFEE92400B96349 /* GameBoard.swift */,
				4AFF02D61BFF1D6B00B96349 /* Setup Ships.swift */,
				4ACD5CA31BFDF5B700350838 /* Input and Random.swift */,
			);
			path = "The Ship Game In Swift";
			sourceTree = "<group>";
		};
/* End PBXGroup section */

/* Begin PBXNativeTarget section */
		4A4CF96C1BFDF32000FF56E3 /* The Ship Game In Swift */ = {
			isa = PBXNativeTarget;
			buildConfigurationList = 4A4CF9741BFDF32000FF56E3 /* Build configuration list for PBXNativeTarget "The Ship Game In Swift" */;
			buildPhases = (
				4A4CF9691BFDF32000FF56E3 /* Sources */,
				4A4CF96A1BFDF32000FF56E3 /* Frameworks */,
				4A4CF96B1BFDF32000FF56E3 /* CopyFiles */,
			);
			buildRules = (
			);
			dependencies = (
			);
			name = "The Ship Game In Swift";
			productName = "The Ship Game In Swift";
			productReference = 4A4CF96D1BFDF32000FF56E3 /* The Ship Game In Swift */;
			productType = "com.apple.product-type.tool";
		};
/* End PBXNativeTarget section */

/* Begin PBXProject section */
		4A4CF9651BFDF32000FF56E3 /* Project object */ = {
			isa = PBXProject;
			attributes = {
				LastSwiftUpdateCheck = 0710;
				LastUpgradeCheck = 0710;
				ORGANIZATIONNAME = "Harry Chen";
				TargetAttributes = {
					4A4CF96C1BFDF32000FF56E3 = {
						CreatedOnToolsVersion = 7.1.1;
					};
				};
			};
			buildConfigurationList = 4A4CF9681BFDF32000FF56E3 /* Build configuration list for PBXProject "The Ship Game In Swift" */;
			compatibilityVersion = "Xcode 3.2";
			developmentRegion = English;
			hasScannedForEncodings = 0;
			knownRegions = (
				en,
			);
			mainGroup = 4A4CF9641BFDF32000FF56E3;
			productRefGroup = 4A4CF96E1BFDF32000FF56E3 /* Products */;
			projectDirPath = "";
			projectRoot = "";
			targets = (
				4A4CF96C1BFDF32000FF56E3 /* The Ship Game In Swift */,
			);
		};
/* End PBXProject section */

/* Begin PBXSourcesBuildPhase section */
		4A4CF9691BFDF32000FF56E3 /* Sources */ = {
			isa = PBXSourcesBuildPhase;
			buildActionMask = 2147483647;
			files = (
				4AFF02D71BFF1D6B00B96349 /* Setup Ships.swift in Sources */,
				4A4CF9711BFDF32000FF56E3 /* main.swift in Sources */,
				4AFF02D51BFEE92400B96349 /* GameBoard.swift in Sources */,
				4ACD5CA41BFDF5B700350838 /* Input and Random.swift in Sources */,
			);
			runOnlyForDeploymentPostprocessing = 0;
		};
/* End PBXSourcesBuildPhase section */

/* Begin XCBuildConfiguration section */
		4A4CF9721BFDF32000FF56E3 /* Debug */ = {
			isa = XCBuildConfiguration;
			buildSettings = {
				ALWAYS_SEARCH_USER_PATHS = NO;
				CLANG_CXX_LANGUAGE_STANDARD = "gnu++0x";
				CLANG_CXX_LIBRARY = "libc++";
				CLANG_ENABLE_MODULES = YES;
				CLANG_ENABLE_OBJC_ARC = YES;
				CLANG_WARN_BOOL_CONVERSION = YES;
				CLANG_WARN_CONSTANT_CONVERSION = YES;
				CLANG_WARN_DIRECT_OBJC_ISA_USAGE = YES_ERROR;
				CLANG_WARN_EMPTY_BODY = YES;
				CLANG_WARN_ENUM_CONVERSION = YES;
				CLANG_WARN_INT_CONVERSION = YES;
				CLANG_WARN_OBJC_ROOT_CLASS = YES_ERROR;
				CLANG_WARN_UNREACHABLE_CODE = YES;
				CLANG_WARN__DUPLICATE_METHOD_MATCH = YES;
				CODE_SIGN_IDENTITY = "-";
				COPY_PHASE_STRIP = NO;
				DEBUG_INFORMATION_FORMAT = dwarf;
				ENABLE_STRICT_OBJC_MSGSEND = YES;
				ENABLE_TESTABILITY = YES;
				GCC_C_LANGUAGE_STANDARD = gnu99;
				GCC_DYNAMIC_NO_PIC = NO;
				GCC_NO_COMMON_BLOCKS = YES;
				GCC_OPTIMIZATION_LEVEL = 0;
				GCC_PREPROCESSOR_DEFINITIONS = (
					"DEBUG=1",
					"$(inherited)",
				);
				GCC_WARN_64_TO_32_BIT_CONVERSION = YES;
				GCC_WARN_ABOUT_RETURN_TYPE = YES_ERROR;
				GCC_WARN_UNDECLARED_SELECTOR = YES;
				GCC_WARN_UNINITIALIZED_AUTOS = YES_AGGRESSIVE;
				GCC_WARN_UNUSED_FUNCTION = YES;
				GCC_WARN_UNUSED_VARIABLE = YES;
				MACOSX_DEPLOYMENT_TARGET = 10.11;
				MTL_ENABLE_DEBUG_INFO = YES;
				ONLY_ACTIVE_ARCH = YES;
				SDKROOT = macosx;
				SWIFT_OPTIMIZATION_LEVEL = "-Onone";
			};
			name = Debug;
		};
		4A4CF9731BFDF32000FF56E3 /* Release */ = {
			isa = XCBuildConfiguration;
			buildSettings = {
				ALWAYS_SEARCH_USER_PATHS = NO;
				CLANG_CXX_LANGUAGE_STANDARD = "gnu++0x";
				CLANG_CXX_LIBRARY = "libc++";
				CLANG_ENABLE_MODULES = YES;
				CLANG_ENABLE_OBJC_ARC = YES;
				CLANG_WARN_BOOL_CONVERSION = YES;
				CLANG_WARN_CONSTANT_CONVERSION = YES;
				CLANG_WARN_DIRECT_OBJC_ISA_USAGE = YES_ERROR;
				CLANG_WARN_EMPTY_BODY = YES;
				CLANG_WARN_ENUM_CONVERSION = YES;
				CLANG_WARN_INT_CONVERSION = YES;
				CLANG_WARN_OBJC_ROOT_CLASS = YES_ERROR;
				CLANG_WARN_UNREACHABLE_CODE = YES;
				CLANG_WARN__DUPLICATE_METHOD_MATCH = YES;
				CODE_SIGN_IDENTITY = "-";
				COPY_PHASE_STRIP = NO;
				DEBUG_INFORMATION_FORMAT = "dwarf-with-dsym";
				ENABLE_NS_ASSERTIONS = NO;
				ENABLE_STRICT_OBJC_MSGSEND = YES;
				GCC_C_LANGUAGE_STANDARD = gnu99;
				GCC_NO_COMMON_BLOCKS = YES;
				GCC_WARN_64_TO_32_BIT_CONVERSION = YES;
				GCC_WARN_ABOUT_RETURN_TYPE = YES_ERROR;
				GCC_WARN_UNDECLARED_SELECTOR = YES;
				GCC_WARN_UNINITIALIZED_AUTOS = YES_AGGRESSIVE;
				GCC_WARN_UNUSED_FUNCTION = YES;
				GCC_WARN_UNUSED_VARIABLE = YES;
				MACOSX_DEPLOYMENT_TARGET = 10.11;
				MTL_ENABLE_DEBUG_INFO = NO;
				SDKROOT = macosx;
			};
			name = Release;
		};
		4A4CF9751BFDF32000FF56E3 /* Debug */ = {
			isa = XCBuildConfiguration;
			buildSettings = {
				PRODUCT_NAME = "$(TARGET_NAME)";
			};
			name = Debug;
		};
		4A4CF9761BFDF32000FF56E3 /* Release */ = {
			isa = XCBuildConfiguration;
			buildSettings = {
				PRODUCT_NAME = "$(TARGET_NAME)";
			};
			name = Release;
		};
/* End XCBuildConfiguration section */

/* Begin XCConfigurationList section */
		4A4CF9681BFDF32000FF56E3 /* Build configuration list for PBXProject "The Ship Game In Swift" */ = {
			isa = XCConfigurationList;
			buildConfigurations = (
				4A4CF9721BFDF32000FF56E3 /* Debug */,
				4A4CF9731BFDF32000FF56E3 /* Release */,
			);
			defaultConfigurationIsVisible = 0;
			defaultConfigurationName = Release;
		};
		4A4CF9741BFDF32000FF56E3 /* Build configuration list for PBXNativeTarget "The Ship Game In Swift" */ = {
			isa = XCConfigurationList;
			buildConfigurations = (
				4A4CF9751BFDF32000FF56E3 /* Debug */,
				4A4CF9761BFDF32000FF56E3 /* Release */,
			);
			defaultConfigurationIsVisible = 0;
			defaultConfigurationName = Release;
		};
/* End XCConfigurationList section */
	};
	rootObject = 4A4CF9651BFDF32000FF56E3 /* Project object */;
}
